
Microsoft Visual Studio Solution File, Format Version 12.00
# Visual Studio Version 17
VisualStudioVersion = 17.3.32804.467
MinimumVisualStudioVersion = 10.0.40219.1
Project("{FAE04EC0-301F-11D3-BF4B-00C04F79EFBC}") = "BubleSorte", "BubleSorte.csproj", "{940FFBC0-6CA4-47A5-9F5B-E0C1FEC23691}"
EndProject
Global
	GlobalSection(SolutionConfigurationPlatforms) = preSolution
		Debug|Any CPU = Debug|Any CPU
		Release|Any CPU = Release|Any CPU
	EndGlobalSection
	GlobalSection(ProjectConfigurationPlatforms) = postSolution
		{940FFBC0-6CA4-47A5-9F5B-E0C1FEC23691}.Debug|Any CPU.ActiveCfg = Debug|Any CPU
		{940FFBC0-6CA4-47A5-9F5B-E0C1FEC23691}.Debug|Any CPU.Build.0 = Debug|Any CPU
		{940FFBC0-6CA4-47A5-9F5B-E0C1FEC23691}.Release|Any CPU.ActiveCfg = Release|Any CPU
		{940FFBC0-6CA4-47A5-9F5B-E0C1FEC23691}.Release|Any CPU.Build.0 = Release|Any CPU
	EndGlobalSection
	GlobalSection(SolutionProperties) = preSolution
		HideSolutionNode = FALSE
	EndGlobalSection
	GlobalSection(ExtensibilityGlobals) = postSolution
		SolutionGuid = {E7BFE0FB-355A-41DA-8C83-04F8183E642E}
	EndGlobalSection
EndGlobal
